
Microsoft Visual Studio Solution File, Format Version 12.00
# Visual Studio Version 17
VisualStudioVersion = 17.14.36310.24 d17.14
MinimumVisualStudioVersion = 10.0.40219.1
Project("{FAE04EC0-301F-11D3-BF4B-00C04F79EFBC}") = "SmartConsole", "SmartConsole\SmartConsole.csproj", "{6AEEF801-8E57-4F9A-AEC9-BEBEF9489D1F}"
EndProject
Global
	GlobalSection(SolutionConfigurationPlatforms) = preSolution
		Debug|Any CPU = Debug|Any CPU
		Release|Any CPU = Release|Any CPU
	EndGlobalSection
	GlobalSection(ProjectConfigurationPlatforms) = postSolution
		{6AEEF801-8E57-4F9A-AEC9-BEBEF9489D1F}.Debug|Any CPU.ActiveCfg = Debug|Any CPU
		{6AEEF801-8E57-4F9A-AEC9-BEBEF9489D1F}.Debug|Any CPU.Build.0 = Debug|Any CPU
		{6AEEF801-8E57-4F9A-AEC9-BEBEF9489D1F}.Release|Any CPU.ActiveCfg = Release|Any CPU
		{6AEEF801-8E57-4F9A-AEC9-BEBEF9489D1F}.Release|Any CPU.Build.0 = Release|Any CPU
	EndGlobalSection
	GlobalSection(SolutionProperties) = preSolution
		HideSolutionNode = FALSE
	EndGlobalSection
	GlobalSection(ExtensibilityGlobals) = postSolution
		SolutionGuid = {1BCC6BDA-FA66-4815-8965-29F23D3D1E41}
	EndGlobalSection
EndGlobal
